
Microsoft Visual Studio Solution File, Format Version 12.00
# Visual Studio Version 16
VisualStudioVersion = 16.0.32802.440
MinimumVisualStudioVersion = 10.0.40219.1
Project("{8BC9CEB8-8B4A-11D0-8D11-00A0C91BC942}") = "t2", "t2\t2.vcxproj", "{9A8D3C1A-62CA-4AB2-AF63-4B31162FB2BE}"
EndProject
Project("{8BC9CEB8-8B4A-11D0-8D11-00A0C91BC942}") = "t2_1", "t2_1\t2_1.vcxproj", "{6F7A8843-FB8E-4D10-A027-0FC294162CB9}"
EndProject
Project("{8BC9CEB8-8B4A-11D0-8D11-00A0C91BC942}") = "t2_2", "t2_2\t2_2.vcxproj", "{8FD9553C-E101-47DB-BCBA-79AEFDA23F52}"
EndProject
Project("{8BC9CEB8-8B4A-11D0-8D11-00A0C91BC942}") = "t3", "t3\t3.vcxproj", "{09005B61-5BDA-4E39-8808-541023338DFB}"
EndProject
Project("{8BC9CEB8-8B4A-11D0-8D11-00A0C91BC942}") = "t3_1", "t3_1\t3_1.vcxproj", "{4C248CA3-7D07-42F5-8B8D-EE25BF8401C0}"
EndProject
Project("{8BC9CEB8-8B4A-11D0-8D11-00A0C91BC942}") = "t3_2", "t3_2\t3_2.vcxproj", "{E758B1CD-5ED3-409F-B73F-C757B78B3056}"
EndProject
Project("{8BC9CEB8-8B4A-11D0-8D11-00A0C91BC942}") = "t1", "t1\t1.vcxproj", "{809E1848-AC9F-48A3-962E-744969489496}"
EndProject
Project("{8BC9CEB8-8B4A-11D0-8D11-00A0C91BC942}") = "t4", "t4\t4.vcxproj", "{60F3C12D-41B6-42D2-869D-A6DE2572A854}"
EndProject
Project("{8BC9CEB8-8B4A-11D0-8D11-00A0C91BC942}") = "t4-1", "t4-1\t4-1.vcxproj", "{83408A9F-EA10-4831-83C9-7331F9965B96}"
EndProject
Project("{8BC9CEB8-8B4A-11D0-8D11-00A0C91BC942}") = "t5", "t5\t5.vcxproj", "{4F1F5189-9A6D-4569-9C3F-90F59321C913}"
EndProject
Project("{8BC9CEB8-8B4A-11D0-8D11-00A0C91BC942}") = "t5_1", "t5_1\t5_1.vcxproj", "{41E1E670-657E-40EB-B07A-9A7031090F0C}"
EndProject
Project("{8BC9CEB8-8B4A-11D0-8D11-00A0C91BC942}") = "t6", "t6\t6.vcxproj", "{B02DC4DD-5EF5-46E7-A2C3-10391C863731}"
EndProject
Global
	GlobalSection(SolutionConfigurationPlatforms) = preSolution
		Debug|x64 = Debug|x64
		Debug|x86 = Debug|x86
		Release|x64 = Release|x64
		Release|x86 = Release|x86
	EndGlobalSection
	GlobalSection(ProjectConfigurationPlatforms) = postSolution
		{9A8D3C1A-62CA-4AB2-AF63-4B31162FB2BE}.Debug|x64.ActiveCfg = Debug|x64
		{9A8D3C1A-62CA-4AB2-AF63-4B31162FB2BE}.Debug|x64.Build.0 = Debug|x64
		{9A8D3C1A-62CA-4AB2-AF63-4B31162FB2BE}.Debug|x86.ActiveCfg = Debug|Win32
		{9A8D3C1A-62CA-4AB2-AF63-4B31162FB2BE}.Debug|x86.Build.0 = Debug|Win32
		{9A8D3C1A-62CA-4AB2-AF63-4B31162FB2BE}.Release|x64.ActiveCfg = Release|x64
		{9A8D3C1A-62CA-4AB2-AF63-4B31162FB2BE}.Release|x64.Build.0 = Release|x64
		{9A8D3C1A-62CA-4AB2-AF63-4B31162FB2BE}.Release|x86.ActiveCfg = Release|Win32
		{9A8D3C1A-62CA-4AB2-AF63-4B31162FB2BE}.Release|x86.Build.0 = Release|Win32
		{6F7A8843-FB8E-4D10-A027-0FC294162CB9}.Debug|x64.ActiveCfg = Debug|x64
		{6F7A8843-FB8E-4D10-A027-0FC294162CB9}.Debug|x64.Build.0 = Debug|x64
		{6F7A8843-FB8E-4D10-A027-0FC294162CB9}.Debug|x86.ActiveCfg = Debug|Win32
		{6F7A8843-FB8E-4D10-A027-0FC294162CB9}.Debug|x86.Build.0 = Debug|Win32
		{6F7A8843-FB8E-4D10-A027-0FC294162CB9}.Release|x64.ActiveCfg = Release|x64
		{6F7A8843-FB8E-4D10-A027-0FC294162CB9}.Release|x64.Build.0 = Release|x64
		{6F7A8843-FB8E-4D10-A027-0FC294162CB9}.Release|x86.ActiveCfg = Release|Win32
		{6F7A8843-FB8E-4D10-A027-0FC294162CB9}.Release|x86.Build.0 = Release|Win32
		{8FD9553C-E101-47DB-BCBA-79AEFDA23F52}.Debug|x64.ActiveCfg = Debug|x64
		{8FD9553C-E101-47DB-BCBA-79AEFDA23F52}.Debug|x64.Build.0 = Debug|x64
		{8FD9553C-E101-47DB-BCBA-79AEFDA23F52}.Debug|x86.ActiveCfg = Debug|Win32
		{8FD9553C-E101-47DB-BCBA-79AEFDA23F52}.Debug|x86.Build.0 = Debug|Win32
		{8FD9553C-E101-47DB-BCBA-79AEFDA23F52}.Release|x64.ActiveCfg = Release|x64
		{8FD9553C-E101-47DB-BCBA-79AEFDA23F52}.Release|x64.Build.0 = Release|x64
		{8FD9553C-E101-47DB-BCBA-79AEFDA23F52}.Release|x86.ActiveCfg = Release|Win32
		{8FD9553C-E101-47DB-BCBA-79AEFDA23F52}.Release|x86.Build.0 = Release|Win32
		{09005B61-5BDA-4E39-8808-541023338DFB}.Debug|x64.ActiveCfg = Debug|x64
		{09005B61-5BDA-4E39-8808-541023338DFB}.Debug|x64.Build.0 = Debug|x64
		{09005B61-5BDA-4E39-8808-541023338DFB}.Debug|x86.ActiveCfg = Debug|Win32
		{09005B61-5BDA-4E39-8808-541023338DFB}.Debug|x86.Build.0 = Debug|Win32
		{09005B61-5BDA-4E39-8808-541023338DFB}.Release|x64.ActiveCfg = Release|x64
		{09005B61-5BDA-4E39-8808-541023338DFB}.Release|x64.Build.0 = Release|x64
		{09005B61-5BDA-4E39-8808-541023338DFB}.Release|x86.ActiveCfg = Release|Win32
		{09005B61-5BDA-4E39-8808-541023338DFB}.Release|x86.Build.0 = Release|Win32
		{4C248CA3-7D07-42F5-8B8D-EE25BF8401C0}.Debug|x64.ActiveCfg = Debug|x64
		{4C248CA3-7D07-42F5-8B8D-EE25BF8401C0}.Debug|x64.Build.0 = Debug|x64
		{4C248CA3-7D07-42F5-8B8D-EE25BF8401C0}.Debug|x86.ActiveCfg = Debug|Win32
		{4C248CA3-7D07-42F5-8B8D-EE25BF8401C0}.Debug|x86.Build.0 = Debug|Win32
		{4C248CA3-7D07-42F5-8B8D-EE25BF8401C0}.Release|x64.ActiveCfg = Release|x64
		{4C248CA3-7D07-42F5-8B8D-EE25BF8401C0}.Release|x64.Build.0 = Release|x64
		{4C248CA3-7D07-42F5-8B8D-EE25BF8401C0}.Release|x86.ActiveCfg = Release|Win32
		{4C248CA3-7D07-42F5-8B8D-EE25BF8401C0}.Release|x86.Build.0 = Release|Win32
		{E758B1CD-5ED3-409F-B73F-C757B78B3056}.Debug|x64.ActiveCfg = Debug|x64
		{E758B1CD-5ED3-409F-B73F-C757B78B3056}.Debug|x64.Build.0 = Debug|x64
		{E758B1CD-5ED3-409F-B73F-C757B78B3056}.Debug|x86.ActiveCfg = Debug|Win32
		{E758B1CD-5ED3-409F-B73F-C757B78B3056}.Debug|x86.Build.0 = Debug|Win32
		{E758B1CD-5ED3-409F-B73F-C757B78B3056}.Release|x64.ActiveCfg = Release|x64
		{E758B1CD-5ED3-409F-B73F-C757B78B3056}.Release|x64.Build.0 = Release|x64
		{E758B1CD-5ED3-409F-B73F-C757B78B3056}.Release|x86.ActiveCfg = Release|Win32
		{E758B1CD-5ED3-409F-B73F-C757B78B3056}.Release|x86.Build.0 = Release|Win32
		{809E1848-AC9F-48A3-962E-744969489496}.Debug|x64.ActiveCfg = Debug|x64
		{809E1848-AC9F-48A3-962E-744969489496}.Debug|x64.Build.0 = Debug|x64
		{809E1848-AC9F-48A3-962E-744969489496}.Debug|x86.ActiveCfg = Debug|Win32
		{809E1848-AC9F-48A3-962E-744969489496}.Debug|x86.Build.0 = Debug|Win32
		{809E1848-AC9F-48A3-962E-744969489496}.Release|x64.ActiveCfg = Release|x64
		{809E1848-AC9F-48A3-962E-744969489496}.Release|x64.Build.0 = Release|x64
		{809E1848-AC9F-48A3-962E-744969489496}.Release|x86.ActiveCfg = Release|Win32
		{809E1848-AC9F-48A3-962E-744969489496}.Release|x86.Build.0 = Release|Win32
		{60F3C12D-41B6-42D2-869D-A6DE2572A854}.Debug|x64.ActiveCfg = Debug|x64
		{60F3C12D-41B6-42D2-869D-A6DE2572A854}.Debug|x64.Build.0 = Debug|x64
		{60F3C12D-41B6-42D2-869D-A6DE2572A854}.Debug|x86.ActiveCfg = Debug|Win32
		{60F3C12D-41B6-42D2-869D-A6DE2572A854}.Debug|x86.Build.0 = Debug|Win32
		{60F3C12D-41B6-42D2-869D-A6DE2572A854}.Release|x64.ActiveCfg = Release|x64
		{60F3C12D-41B6-42D2-869D-A6DE2572A854}.Release|x64.Build.0 = Release|x64
		{60F3C12D-41B6-42D2-869D-A6DE2572A854}.Release|x86.ActiveCfg = Release|Win32
		{60F3C12D-41B6-42D2-869D-A6DE2572A854}.Release|x86.Build.0 = Release|Win32
		{83408A9F-EA10-4831-83C9-7331F9965B96}.Debug|x64.ActiveCfg = Debug|x64
		{83408A9F-EA10-4831-83C9-7331F9965B96}.Debug|x64.Build.0 = Debug|x64
		{83408A9F-EA10-4831-83C9-7331F9965B96}.Debug|x86.ActiveCfg = Debug|Win32
		{83408A9F-EA10-4831-83C9-7331F9965B96}.Debug|x86.Build.0 = Debug|Win32
		{83408A9F-EA10-4831-83C9-7331F9965B96}.Release|x64.ActiveCfg = Release|x64
		{83408A9F-EA10-4831-83C9-7331F9965B96}.Release|x64.Build.0 = Release|x64
		{83408A9F-EA10-4831-83C9-7331F9965B96}.Release|x86.ActiveCfg = Release|Win32
		{83408A9F-EA10-4831-83C9-7331F9965B96}.Release|x86.Build.0 = Release|Win32
		{4F1F5189-9A6D-4569-9C3F-90F59321C913}.Debug|x64.ActiveCfg = Debug|x64
		{4F1F5189-9A6D-4569-9C3F-90F59321C913}.Debug|x64.Build.0 = Debug|x64
		{4F1F5189-9A6D-4569-9C3F-90F59321C913}.Debug|x86.ActiveCfg = Debug|Win32
		{4F1F5189-9A6D-4569-9C3F-90F59321C913}.Debug|x86.Build.0 = Debug|Win32
		{4F1F5189-9A6D-4569-9C3F-90F59321C913}.Release|x64.ActiveCfg = Release|x64
		{4F1F5189-9A6D-4569-9C3F-90F59321C913}.Release|x64.Build.0 = Release|x64
		{4F1F5189-9A6D-4569-9C3F-90F59321C913}.Release|x86.ActiveCfg = Release|Win32
		{4F1F5189-9A6D-4569-9C3F-90F59321C913}.Release|x86.Build.0 = Release|Win32
		{41E1E670-657E-40EB-B07A-9A7031090F0C}.Debug|x64.ActiveCfg = Debug|x64
		{41E1E670-657E-40EB-B07A-9A7031090F0C}.Debug|x64.Build.0 = Debug|x64
		{41E1E670-657E-40EB-B07A-9A7031090F0C}.Debug|x86.ActiveCfg = Debug|Win32
		{41E1E670-657E-40EB-B07A-9A7031090F0C}.Debug|x86.Build.0 = Debug|Win32
		{41E1E670-657E-40EB-B07A-9A7031090F0C}.Release|x64.ActiveCfg = Release|x64
		{41E1E670-657E-40EB-B07A-9A7031090F0C}.Release|x64.Build.0 = Release|x64
		{41E1E670-657E-40EB-B07A-9A7031090F0C}.Release|x86.ActiveCfg = Release|Win32
		{41E1E670-657E-40EB-B07A-9A7031090F0C}.Release|x86.Build.0 = Release|Win32
		{B02DC4DD-5EF5-46E7-A2C3-10391C863731}.Debug|x64.ActiveCfg = Debug|x64
		{B02DC4DD-5EF5-46E7-A2C3-10391C863731}.Debug|x64.Build.0 = Debug|x64
		{B02DC4DD-5EF5-46E7-A2C3-10391C863731}.Debug|x86.ActiveCfg = Debug|Win32
		{B02DC4DD-5EF5-46E7-A2C3-10391C863731}.Debug|x86.Build.0 = Debug|Win32
		{B02DC4DD-5EF5-46E7-A2C3-10391C863731}.Release|x64.ActiveCfg = Release|x64
		{B02DC4DD-5EF5-46E7-A2C3-10391C863731}.Release|x64.Build.0 = Release|x64
		{B02DC4DD-5EF5-46E7-A2C3-10391C863731}.Release|x86.ActiveCfg = Release|Win32
		{B02DC4DD-5EF5-46E7-A2C3-10391C863731}.Release|x86.Build.0 = Release|Win32
	EndGlobalSection
	GlobalSection(SolutionProperties) = preSolution
		HideSolutionNode = FALSE
	EndGlobalSection
	GlobalSection(ExtensibilityGlobals) = postSolution
		SolutionGuid = {0851F55E-83E6-4D21-B8CD-DEBC51BAE1F9}
	EndGlobalSection
EndGlobal
